lockfileVersion: 5.4

specifiers:
  '@zentered/issue-forms-body-parser': ^1.4.5
  nodemon: ^2.0.19

dependencies:
  '@zentered/issue-forms-body-parser': 1.4.5

devDependencies:
  nodemon: 2.0.19

packages:

  /@actions/core/1.9.1:
    resolution: {integrity: sha512-5ad+U2YGrmmiw6du20AQW5XuWo7UKN2052FjSV7MX+Wfjf8sCqcsZe62NfgHys4QI4/Y+vQvLKYL8jWtA1ZBTA==}
    dependencies:
      '@actions/http-client': 2.0.1
      uuid: 8.3.2
    dev: false

  /@actions/github/5.0.3:
    resolution: {integrity: sha512-myjA/pdLQfhUGLtRZC/J4L1RXOG4o6aYdiEq+zr5wVVKljzbFld+xv10k1FX6IkIJtNxbAq44BdwSNpQ015P0A==}
    dependencies:
      '@actions/http-client': 2.0.1
      '@octokit/core': 3.6.0
      '@octokit/plugin-paginate-rest': 2.21.3_@octokit+core@3.6.0
      '@octokit/plugin-rest-endpoint-methods': 5.16.2_@octokit+core@3.6.0
    transitivePeerDependencies:
      - encoding
    dev: false

  /@actions/http-client/2.0.1:
    resolution: {integrity: sha512-PIXiMVtz6VvyaRsGY268qvj57hXQEpsYogYOu2nrQhlf+XCGmZstmuZBbAybUl1nQGnvS1k1eEsQ69ZoD7xlSw==}
    dependencies:
      tunnel: 0.0.6
    dev: false

  /@octokit/auth-token/2.5.0:
    resolution: {integrity: sha512-r5FVUJCOLl19AxiuZD2VRZ/ORjp/4IN98Of6YJoJOkY75CIBuYfmiNHGrDwXr+aLGG55igl9QrxX3hbiXlLb+g==}
    dependencies:
      '@octokit/types': 6.41.0
    dev: false

  /@octokit/core/3.6.0:
    resolution: {integrity: sha512-7RKRKuA4xTjMhY+eG3jthb3hlZCsOwg3rztWh75Xc+ShDWOfDDATWbeZpAHBNRpm4Tv9WgBMOy1zEJYXG6NJ7Q==}
    dependencies:
      '@octokit/auth-token': 2.5.0
      '@octokit/graphql': 4.8.0
      '@octokit/request': 5.6.3
      '@octokit/request-error': 2.1.0
      '@octokit/types': 6.41.0
      before-after-hook: 2.2.2
      universal-user-agent: 6.0.0
    transitivePeerDependencies:
      - encoding
    dev: false

  /@octokit/endpoint/6.0.12:
    resolution: {integrity: sha512-lF3puPwkQWGfkMClXb4k/eUT/nZKQfxinRWJrdZaJO85Dqwo/G0yOC434Jr2ojwafWJMYqFGFa5ms4jJUgujdA==}
    dependencies:
      '@octokit/types': 6.41.0
      is-plain-object: 5.0.0
      universal-user-agent: 6.0.0
    dev: false

  /@octokit/graphql/4.8.0:
    resolution: {integrity: sha512-0gv+qLSBLKF0z8TKaSKTsS39scVKF9dbMxJpj3U0vC7wjNWFuIpL/z76Qe2fiuCbDRcJSavkXsVtMS6/dtQQsg==}
    dependencies:
      '@octokit/request': 5.6.3
      '@octokit/types': 6.41.0
      universal-user-agent: 6.0.0
    transitivePeerDependencies:
      - encoding
    dev: false

  /@octokit/openapi-types/12.11.0:
    resolution: {integrity: sha512-VsXyi8peyRq9PqIz/tpqiL2w3w80OgVMwBHltTml3LmVvXiphgeqmY9mvBw9Wu7e0QWk/fqD37ux8yP5uVekyQ==}
    dev: false

  /@octokit/plugin-paginate-rest/2.21.3_@octokit+core@3.6.0:
    resolution: {integrity: sha512-aCZTEf0y2h3OLbrgKkrfFdjRL6eSOo8komneVQJnYecAxIej7Bafor2xhuDJOIFau4pk0i/P28/XgtbyPF0ZHw==}
    peerDependencies:
      '@octokit/core': '>=2'
    dependencies:
      '@octokit/core': 3.6.0
      '@octokit/types': 6.41.0
    dev: false

  /@octokit/plugin-rest-endpoint-methods/5.16.2_@octokit+core@3.6.0:
    resolution: {integrity: sha512-8QFz29Fg5jDuTPXVtey05BLm7OB+M8fnvE64RNegzX7U+5NUXcOcnpTIK0YfSHBg8gYd0oxIq3IZTe9SfPZiRw==}
    peerDependencies:
      '@octokit/core': '>=3'
    dependencies:
      '@octokit/core': 3.6.0
      '@octokit/types': 6.41.0
      deprecation: 2.3.1
    dev: false

  /@octokit/request-error/2.1.0:
    resolution: {integrity: sha512-1VIvgXxs9WHSjicsRwq8PlR2LR2x6DwsJAaFgzdi0JfJoGSO8mYI/cHJQ+9FbN21aa+DrgNLnwObmyeSC8Rmpg==}
    dependencies:
      '@octokit/types': 6.41.0
      deprecation: 2.3.1
      once: 1.4.0
    dev: false

  /@octokit/request/5.6.3:
    resolution: {integrity: sha512-bFJl0I1KVc9jYTe9tdGGpAMPy32dLBXXo1dS/YwSCTL/2nd9XeHsY616RE3HPXDVk+a+dBuzyz5YdlXwcDTr2A==}
    dependencies:
      '@octokit/endpoint': 6.0.12
      '@octokit/request-error': 2.1.0
      '@octokit/types': 6.41.0
      is-plain-object: 5.0.0
      node-fetch: 2.6.7
      universal-user-agent: 6.0.0
    transitivePeerDependencies:
      - encoding
    dev: false

  /@octokit/types/6.41.0:
    resolution: {integrity: sha512-eJ2jbzjdijiL3B4PrSQaSjuF2sPEQPVCPzBvTHJD9Nz+9dw2SGH4K4xeQJ77YfTq5bRQ+bD8wT11JbeDPmxmGg==}
    dependencies:
      '@octokit/openapi-types': 12.11.0
    dev: false

  /@sindresorhus/slugify/2.1.0:
    resolution: {integrity: sha512-gU3Gdm/V167BmUwIn8APHZ3SeeRVRUSOdXxnt7Q/JkUHLXaaTA/prYmoRumwsSitJZWUDYMzDWdWgrOdvE8IRQ==}
    engines: {node: '>=12'}
    dependencies:
      '@sindresorhus/transliterate': 1.5.0
      escape-string-regexp: 5.0.0
    dev: false

  /@sindresorhus/transliterate/1.5.0:
    resolution: {integrity: sha512-/sfSkoNelLq5riqNRp5uBjHIKBi1MWZk9ubRT1WiBQuTfmDf7BeQkph2DJzRB83QagMPHk2VDjuvpy0VuwyzdA==}
    engines: {node: '>=12'}
    dependencies:
      escape-string-regexp: 5.0.0
      lodash.deburr: 4.1.0
    dev: false

  /@types/debug/4.1.7:
    resolution: {integrity: sha512-9AonUzyTjXXhEOa0DnqpzZi6VHlqKMswga9EXjpXnnqxwLtdvPPtlO8evrI5D9S6asFRCQ6v+wpiUKbw+vKqyg==}
    dependencies:
      '@types/ms': 0.7.31
    dev: false

  /@types/mdast/3.0.10:
    resolution: {integrity: sha512-W864tg/Osz1+9f4lrGTZpCSO5/z4608eUp19tbozkq2HJK6i3z1kT0H9tlADXuYIb1YYOBByU4Jsqkk75q48qA==}
    dependencies:
      '@types/unist': 2.0.6
    dev: false

  /@types/ms/0.7.31:
    resolution: {integrity: sha512-iiUgKzV9AuaEkZqkOLDIvlQiL6ltuZd9tGcW3gwpnX8JbuiuhFlEGmmFXEXkN50Cvq7Os88IY2v0dkDqXYWVgA==}
    dev: false

  /@types/unist/2.0.6:
    resolution: {integrity: sha512-PBjIUxZHOuj0R15/xuwJYjFi+KZdNFrehocChv4g5hu6aFroHue8m0lBP0POdK2nKzbw0cgV1mws8+V/JAcEkQ==}
    dev: false

  /@zentered/issue-forms-body-parser/1.4.5:
    resolution: {integrity: sha512-6WaZCE1S/Qeb2lOH7LQtpHVIEuO6GgLpzEuIsmOQf12LWK8UJjd6hyxgfi1C7d70fddrIsqY304v+/bcBLHxXA==}
    dependencies:
      '@actions/core': 1.9.1
      '@actions/github': 5.0.3
      '@sindresorhus/slugify': 2.1.0
      date-fns: 2.29.1
      date-fns-tz: 1.3.6_date-fns@2.29.1
      remark-gfm: 3.0.1
      remark-parse: 10.0.1
      remark-stringify: 10.0.2
      strip-final-newline: 3.0.0
      unified: 10.1.2
    transitivePeerDependencies:
      - encoding
      - supports-color
    dev: false

  /abbrev/1.1.1:
    resolution: {integrity: sha512-nne9/IiQ/hzIhY6pdDnbBtz7DjPTKrY00P/zvPSm5pOFkl6xuGrGnXn/VtTNNfNtAfZ9/1RtehkszU9qcTii0Q==}
    dev: true

  /anymatch/3.1.2:
    resolution: {integrity: sha512-P43ePfOAIupkguHUycrc4qJ9kz8ZiuOUijaETwX7THt0Y/GNK7v0aa8rY816xWjZ7rJdA5XdMcpVFTKMq+RvWg==}
    engines: {node: '>= 8'}
    dependencies:
      normalize-path: 3.0.0
      picomatch: 2.3.1
    dev: true

  /bail/2.0.2:
    resolution: {integrity: sha512-0xO6mYd7JB2YesxDKplafRpsiOzPt9V02ddPCLbY1xYGPOX24NTyN50qnUxgCPcSoYMhKpAuBTjQoRZCAkUDRw==}
    dev: false

  /balanced-match/1.0.2:
    resolution: {integrity: sha512-3oSeUO0TMV67hN1AmbXsK4yaqU7tjiHlbxRDZOpH0KW9+CeX4bRAaX0Anxt0tx2MrpRpWwQaPwIlISEJhYU5Pw==}
    dev: true

  /before-after-hook/2.2.2:
    resolution: {integrity: sha512-3pZEU3NT5BFUo/AD5ERPWOgQOCZITni6iavr5AUw5AUwQjMlI0kzu5btnyD39AF0gUEsDPwJT+oY1ORBJijPjQ==}
    dev: false

  /binary-extensions/2.2.0:
    resolution: {integrity: sha512-jDctJ/IVQbZoJykoeHbhXpOlNBqGNcwXJKJog42E5HDPUwQTSdjCHdihjj0DlnheQ7blbT6dHOafNAiS8ooQKA==}
    engines: {node: '>=8'}
    dev: true

  /brace-expansion/1.1.11:
    resolution: {integrity: sha512-iCuPHDFgrHX7H2vEI/5xpz07zSHB00TpugqhmYtVmMO6518mCuRMoOYFldEBl0g187ufozdaHgWKcYFb61qGiA==}
    dependencies:
      balanced-match: 1.0.2
      concat-map: 0.0.1
    dev: true

  /braces/3.0.2:
    resolution: {integrity: sha512-b8um+L1RzM3WDSzvhm6gIz1yfTbBt6YTlcEKAvsmqCZZFw46z626lVj9j1yEPW33H5H+lBQpZMP1k8l+78Ha0A==}
    engines: {node: '>=8'}
    dependencies:
      fill-range: 7.0.1
    dev: true

  /ccount/2.0.1:
    resolution: {integrity: sha512-eyrF0jiFpY+3drT6383f1qhkbGsLSifNAjA61IUjZjmLCWjItY6LB9ft9YhoDgwfmclB2zhu51Lc7+95b8NRAg==}
    dev: false

  /character-entities/2.0.2:
    resolution: {integrity: sha512-shx7oQ0Awen/BRIdkjkvz54PnEEI/EjwXDSIZp86/KKdbafHh1Df/RYGBhn4hbe2+uKC9FnT5UCEdyPz3ai9hQ==}
    dev: false

  /chokidar/3.5.3:
    resolution: {integrity: sha512-Dr3sfKRP6oTcjf2JmUmFJfeVMvXBdegxB0iVQ5eb2V10uFJUCAS8OByZdVAyVb8xXNz3GjjTgj9kLWsZTqE6kw==}
    engines: {node: '>= 8.10.0'}
    dependencies:
      anymatch: 3.1.2
      braces: 3.0.2
      glob-parent: 5.1.2
      is-binary-path: 2.1.0
      is-glob: 4.0.3
      normalize-path: 3.0.0
      readdirp: 3.6.0
    optionalDependencies:
      fsevents: 2.3.2
    dev: true

  /concat-map/0.0.1:
    resolution: {integrity: sha512-/Srv4dswyQNBfohGpz9o6Yb3Gz3SrUDqBH5rTuhGR7ahtlbYKnVxw2bCFMRljaA7EXHaXZ8wsHdodFvbkhKmqg==}
    dev: true

  /date-fns-tz/1.3.6_date-fns@2.29.1:
    resolution: {integrity: sha512-C8q7mErvG4INw1ZwAFmPlGjEo5Sv4udjKVbTc03zpP9cu6cp5AemFzKhz0V68LGcWEtX5mJudzzg3G04emIxLA==}
    peerDependencies:
      date-fns: '>=2.0.0'
    dependencies:
      date-fns: 2.29.1
    dev: false

  /date-fns/2.29.1:
    resolution: {integrity: sha512-dlLD5rKaKxpFdnjrs+5azHDFOPEu4ANy/LTh04A1DTzMM7qoajmKCBc8pkKRFT41CNzw+4gQh79X5C+Jq27HAw==}
    engines: {node: '>=0.11'}
    dev: false

  /debug/3.2.7_supports-color@5.5.0:
    resolution: {integrity: sha512-CFjzYYAi4ThfiQvizrFQevTTXHtnCqWfe7x1AhgEscTz6ZbLbfoLRLPugTQyBth6f8ZERVUSyWHFD/7Wu4t1XQ==}
    peerDependencies:
      supports-color: '*'
    peerDependenciesMeta:
      supports-color:
        optional: true
    dependencies:
      ms: 2.1.2
      supports-color: 5.5.0
    dev: true

  /debug/4.3.4:
    resolution: {integrity: sha512-PRWFHuSU3eDtQJPvnNY7Jcket1j0t5OuOsFzPPzsekD52Zl8qUfFIPEiswXqIvHWGVHOgX+7G/vCNNhehwxfkQ==}
    engines: {node: '>=6.0'}
    peerDependencies:
      supports-color: '*'
    peerDependenciesMeta:
      supports-color:
        optional: true
    dependencies:
      ms: 2.1.2
    dev: false

  /decode-named-character-reference/1.0.2:
    resolution: {integrity: sha512-O8x12RzrUF8xyVcY0KJowWsmaJxQbmy0/EtnNtHRpsOcT7dFk5W598coHqBVpmWo1oQQfsCqfCmkZN5DJrZVdg==}
    dependencies:
      character-entities: 2.0.2
    dev: false

  /deprecation/2.3.1:
    resolution: {integrity: sha512-xmHIy4F3scKVwMsQ4WnVaS8bHOx0DmVwRywosKhaILI0ywMDWPtBSku2HNxRvF7jtwDRsoEwYQSfbxj8b7RlJQ==}
    dev: false

  /dequal/2.0.3:
    resolution: {integrity: sha512-0je+qPKHEMohvfRTCEo3CrPG6cAzAYgmzKyxRiYSSDkS6eGJdyVJm7WaYA5ECaAD9wLB2T4EEeymA5aFVcYXCA==}
    engines: {node: '>=6'}
    dev: false

  /diff/5.1.0:
    resolution: {integrity: sha512-D+mk+qE8VC/PAUrlAU34N+VfXev0ghe5ywmpqrawphmVZc1bEfn56uo9qpyGp1p4xpzOHkSW4ztBd6L7Xx4ACw==}
    engines: {node: '>=0.3.1'}
    dev: false

  /escape-string-regexp/5.0.0:
    resolution: {integrity: sha512-/veY75JbMK4j1yjvuUxuVsiS/hr/4iHs9FTT6cgTexxdE0Ly/glccBAkloH/DofkjRbZU3bnoj38mOmhkZ0lHw==}
    engines: {node: '>=12'}
    dev: false

  /extend/3.0.2:
    resolution: {integrity: sha512-fjquC59cD7CyW6urNXK0FBufkZcoiGG80wTuPujX590cB5Ttln20E2UB4S/WARVqhXffZl2LNgS+gQdPIIim/g==}
    dev: false

  /fill-range/7.0.1:
    resolution: {integrity: sha512-qOo9F+dMUmC2Lcb4BbVvnKJxTPjCm+RRpe4gDuGrzkL7mEVl/djYSu2OdQ2Pa302N4oqkSg9ir6jaLWJ2USVpQ==}
    engines: {node: '>=8'}
    dependencies:
      to-regex-range: 5.0.1
    dev: true

  /fsevents/2.3.2:
    resolution: {integrity: sha512-xiqMQR4xAeHTuB9uWm+fFRcIOgKBMiOBP+eXiyT7jsgVCq1bkVygt00oASowB7EdtpOHaaPgKt812P9ab+DDKA==}
    engines: {node: ^8.16.0 || ^10.6.0 || >=11.0.0}
    os: [darwin]
    requiresBuild: true
    dev: true
    optional: true

  /glob-parent/5.1.2:
    resolution: {integrity: sha512-AOIgSQCepiJYwP3ARnGx+5VnTu2HBYdzbGP45eLw1vr3zB3vZLeyed1sC9hnbcOc9/SrMyM5RPQrkGz4aS9Zow==}
    engines: {node: '>= 6'}
    dependencies:
      is-glob: 4.0.3
    dev: true

  /has-flag/3.0.0:
    resolution: {integrity: sha512-sKJf1+ceQBr4SMkvQnBDNDtf4TXpVhVGateu0t918bl30FnbE2m4vNLX+VWe/dpjlb+HugGYzW7uQXH98HPEYw==}
    engines: {node: '>=4'}
    dev: true

  /ignore-by-default/1.0.1:
    resolution: {integrity: sha512-Ius2VYcGNk7T90CppJqcIkS5ooHUZyIQK+ClZfMfMNFEF9VSE73Fq+906u/CWu92x4gzZMWOwfFYckPObzdEbA==}
    dev: true

  /is-binary-path/2.1.0:
    resolution: {integrity: sha512-ZMERYes6pDydyuGidse7OsHxtbI7WVeUEozgR/g7rd0xUimYNlvZRE/K2MgZTjWy725IfelLeVcEM97mmtRGXw==}
    engines: {node: '>=8'}
    dependencies:
      binary-extensions: 2.2.0
    dev: true

  /is-buffer/2.0.5:
    resolution: {integrity: sha512-i2R6zNFDwgEHJyQUtJEk0XFi1i0dPFn/oqjK3/vPCcDeJvW5NQ83V8QbicfF1SupOaB0h8ntgBC2YiE7dfyctQ==}
    engines: {node: '>=4'}
    dev: false

  /is-extglob/2.1.1:
    resolution: {integrity: sha512-SbKbANkN603Vi4jEZv49LeVJMn4yGwsbzZworEoyEiutsN3nJYdbO36zfhGJ6QEDpOZIFkDtnq5JRxmvl3jsoQ==}
    engines: {node: '>=0.10.0'}
    dev: true

  /is-glob/4.0.3:
    resolution: {integrity: sha512-xelSayHH36ZgE7ZWhli7pW34hNbNl8Ojv5KVmkJD4hBdD3th8Tfk9vYasLM+mXWOZhFkgZfxhLSnrwRr4elSSg==}
    engines: {node: '>=0.10.0'}
    dependencies:
      is-extglob: 2.1.1
    dev: true

  /is-number/7.0.0:
    resolution: {integrity: sha512-41Cifkg6e8TylSpdtTpeLVMqvSBEVzTttHvERD741+pnZ8ANv0004MRL43QKPDlK9cGvNp6NZWZUBlbGXYxxng==}
    engines: {node: '>=0.12.0'}
    dev: true

  /is-plain-obj/4.1.0:
    resolution: {integrity: sha512-+Pgi+vMuUNkJyExiMBt5IlFoMyKnr5zhJ4Uspz58WOhBF5QoIZkFyNHIbBAtHwzVAgk5RtndVNsDRN61/mmDqg==}
    engines: {node: '>=12'}
    dev: false

  /is-plain-object/5.0.0:
    resolution: {integrity: sha512-VRSzKkbMm5jMDoKLbltAkFQ5Qr7VDiTFGXxYFXXowVj387GeGNOCsOH6Msy00SGZ3Fp84b1Naa1psqgcCIEP5Q==}
    engines: {node: '>=0.10.0'}
    dev: false

  /kleur/4.1.5:
    resolution: {integrity: sha512-o+NO+8WrRiQEE4/7nwRJhN1HWpVmJm511pBHUxPLtp0BUISzlBplORYSmTclCnJvQq2tKu/sgl3xVpkc7ZWuQQ==}
    engines: {node: '>=6'}
    dev: false

  /lodash.deburr/4.1.0:
    resolution: {integrity: sha512-m/M1U1f3ddMCs6Hq2tAsYThTBDaAKFDX3dwDo97GEYzamXi9SqUpjWi/Rrj/gf3X2n8ktwgZrlP1z6E3v/IExQ==}
    dev: false

  /longest-streak/3.0.1:
    resolution: {integrity: sha512-cHlYSUpL2s7Fb3394mYxwTYj8niTaNHUCLr0qdiCXQfSjfuA7CKofpX2uSwEfFDQ0EB7JcnMnm+GjbqqoinYYg==}
    dev: false

  /markdown-table/3.0.2:
    resolution: {integrity: sha512-y8j3a5/DkJCmS5x4dMCQL+OR0+2EAq3DOtio1COSHsmW2BGXnNCK3v12hJt1LrUz5iZH5g0LmuYOjDdI+czghA==}
    dev: false

  /mdast-util-find-and-replace/2.2.1:
    resolution: {integrity: sha512-SobxkQXFAdd4b5WmEakmkVoh18icjQRxGy5OWTCzgsLRm1Fu/KCtwD1HIQSsmq5ZRjVH0Ehwg6/Fn3xIUk+nKw==}
    dependencies:
      escape-string-regexp: 5.0.0
      unist-util-is: 5.1.1
      unist-util-visit-parents: 5.1.0
    dev: false

  /mdast-util-from-markdown/1.2.0:
    resolution: {integrity: sha512-iZJyyvKD1+K7QX1b5jXdE7Sc5dtoTry1vzV28UZZe8Z1xVnB/czKntJ7ZAkG0tANqRnBF6p3p7GpU1y19DTf2Q==}
    dependencies:
      '@types/mdast': 3.0.10
      '@types/unist': 2.0.6
      decode-named-character-reference: 1.0.2
      mdast-util-to-string: 3.1.0
      micromark: 3.0.10
      micromark-util-decode-numeric-character-reference: 1.0.0
      micromark-util-decode-string: 1.0.2
      micromark-util-normalize-identifier: 1.0.0
      micromark-util-symbol: 1.0.1
      micromark-util-types: 1.0.2
      unist-util-stringify-position: 3.0.2
      uvu: 0.5.6
    transitivePeerDependencies:
      - supports-color
    dev: false

  /mdast-util-gfm-autolink-literal/1.0.2:
    resolution: {integrity: sha512-FzopkOd4xTTBeGXhXSBU0OCDDh5lUj2rd+HQqG92Ld+jL4lpUfgX2AT2OHAVP9aEeDKp7G92fuooSZcYJA3cRg==}
    dependencies:
      '@types/mdast': 3.0.10
      ccount: 2.0.1
      mdast-util-find-and-replace: 2.2.1
      micromark-util-character: 1.1.0
    dev: false

  /mdast-util-gfm-footnote/1.0.1:
    resolution: {integrity: sha512-p+PrYlkw9DeCRkTVw1duWqPRHX6Ywh2BNKJQcZbCwAuP/59B0Lk9kakuAd7KbQprVO4GzdW8eS5++A9PUSqIyw==}
    dependencies:
      '@types/mdast': 3.0.10
      mdast-util-to-markdown: 1.3.0
      micromark-util-normalize-identifier: 1.0.0
    dev: false

  /mdast-util-gfm-strikethrough/1.0.1:
    resolution: {integrity: sha512-zKJbEPe+JP6EUv0mZ0tQUyLQOC+FADt0bARldONot/nefuISkaZFlmVK4tU6JgfyZGrky02m/I6PmehgAgZgqg==}
    dependencies:
      '@types/mdast': 3.0.10
      mdast-util-to-markdown: 1.3.0
    dev: false

  /mdast-util-gfm-table/1.0.4:
    resolution: {integrity: sha512-aEuoPwZyP4iIMkf2cLWXxx3EQ6Bmh2yKy9MVCg4i6Sd3cX80dcLEfXO/V4ul3pGH9czBK4kp+FAl+ZHmSUt9/w==}
    dependencies:
      markdown-table: 3.0.2
      mdast-util-from-markdown: 1.2.0
      mdast-util-to-markdown: 1.3.0
    transitivePeerDependencies:
      - supports-color
    dev: false

  /mdast-util-gfm-task-list-item/1.0.1:
    resolution: {integrity: sha512-KZ4KLmPdABXOsfnM6JHUIjxEvcx2ulk656Z/4Balw071/5qgnhz+H1uGtf2zIGnrnvDC8xR4Fj9uKbjAFGNIeA==}
    dependencies:
      '@types/mdast': 3.0.10
      mdast-util-to-markdown: 1.3.0
    dev: false

  /mdast-util-gfm/2.0.1:
    resolution: {integrity: sha512-42yHBbfWIFisaAfV1eixlabbsa6q7vHeSPY+cg+BBjX51M8xhgMacqH9g6TftB/9+YkcI0ooV4ncfrJslzm/RQ==}
    dependencies:
      mdast-util-from-markdown: 1.2.0
      mdast-util-gfm-autolink-literal: 1.0.2
      mdast-util-gfm-footnote: 1.0.1
      mdast-util-gfm-strikethrough: 1.0.1
      mdast-util-gfm-table: 1.0.4
      mdast-util-gfm-task-list-item: 1.0.1
      mdast-util-to-markdown: 1.3.0
    transitivePeerDependencies:
      - supports-color
    dev: false

  /mdast-util-to-markdown/1.3.0:
    resolution: {integrity: sha512-6tUSs4r+KK4JGTTiQ7FfHmVOaDrLQJPmpjD6wPMlHGUVXoG9Vjc3jIeP+uyBWRf8clwB2blM+W7+KrlMYQnftA==}
    dependencies:
      '@types/mdast': 3.0.10
      '@types/unist': 2.0.6
      longest-streak: 3.0.1
      mdast-util-to-string: 3.1.0
      micromark-util-decode-string: 1.0.2
      unist-util-visit: 4.1.0
      zwitch: 2.0.2
    dev: false

  /mdast-util-to-string/3.1.0:
    resolution: {integrity: sha512-n4Vypz/DZgwo0iMHLQL49dJzlp7YtAJP+N07MZHpjPf/5XJuHUWstviF4Mn2jEiR/GNmtnRRqnwsXExk3igfFA==}
    dev: false

  /micromark-core-commonmark/1.0.6:
    resolution: {integrity: sha512-K+PkJTxqjFfSNkfAhp4GB+cZPfQd6dxtTXnf+RjZOV7T4EEXnvgzOcnp+eSTmpGk9d1S9sL6/lqrgSNn/s0HZA==}
    dependencies:
      decode-named-character-reference: 1.0.2
      micromark-factory-destination: 1.0.0
      micromark-factory-label: 1.0.2
      micromark-factory-space: 1.0.0
      micromark-factory-title: 1.0.2
      micromark-factory-whitespace: 1.0.0
      micromark-util-character: 1.1.0
      micromark-util-chunked: 1.0.0
      micromark-util-classify-character: 1.0.0
      micromark-util-html-tag-name: 1.1.0
      micromark-util-normalize-identifier: 1.0.0
      micromark-util-resolve-all: 1.0.0
      micromark-util-subtokenize: 1.0.2
      micromark-util-symbol: 1.0.1
      micromark-util-types: 1.0.2
      uvu: 0.5.6
    dev: false

  /micromark-extension-gfm-autolink-literal/1.0.3:
    resolution: {integrity: sha512-i3dmvU0htawfWED8aHMMAzAVp/F0Z+0bPh3YrbTPPL1v4YAlCZpy5rBO5p0LPYiZo0zFVkoYh7vDU7yQSiCMjg==}
    dependencies:
      micromark-util-character: 1.1.0
      micromark-util-sanitize-uri: 1.0.0
      micromark-util-symbol: 1.0.1
      micromark-util-types: 1.0.2
      uvu: 0.5.6
    dev: false

  /micromark-extension-gfm-footnote/1.0.4:
    resolution: {integrity: sha512-E/fmPmDqLiMUP8mLJ8NbJWJ4bTw6tS+FEQS8CcuDtZpILuOb2kjLqPEeAePF1djXROHXChM/wPJw0iS4kHCcIg==}
    dependencies:
      micromark-core-commonmark: 1.0.6
      micromark-factory-space: 1.0.0
      micromark-util-character: 1.1.0
      micromark-util-normalize-identifier: 1.0.0
      micromark-util-sanitize-uri: 1.0.0
      micromark-util-symbol: 1.0.1
      micromark-util-types: 1.0.2
      uvu: 0.5.6
    dev: false

  /micromark-extension-gfm-strikethrough/1.0.4:
    resolution: {integrity: sha512-/vjHU/lalmjZCT5xt7CcHVJGq8sYRm80z24qAKXzaHzem/xsDYb2yLL+NNVbYvmpLx3O7SYPuGL5pzusL9CLIQ==}
    dependencies:
      micromark-util-chunked: 1.0.0
      micromark-util-classify-character: 1.0.0
      micromark-util-resolve-all: 1.0.0
      micromark-util-symbol: 1.0.1
      micromark-util-types: 1.0.2
      uvu: 0.5.6
    dev: false

  /micromark-extension-gfm-table/1.0.5:
    resolution: {integrity: sha512-xAZ8J1X9W9K3JTJTUL7G6wSKhp2ZYHrFk5qJgY/4B33scJzE2kpfRL6oiw/veJTbt7jiM/1rngLlOKPWr1G+vg==}
    dependencies:
      micromark-factory-space: 1.0.0
      micromark-util-character: 1.1.0
      micromark-util-symbol: 1.0.1
      micromark-util-types: 1.0.2
      uvu: 0.5.6
    dev: false

  /micromark-extension-gfm-tagfilter/1.0.1:
    resolution: {integrity: sha512-Ty6psLAcAjboRa/UKUbbUcwjVAv5plxmpUTy2XC/3nJFL37eHej8jrHrRzkqcpipJliuBH30DTs7+3wqNcQUVA==}
    dependencies:
      micromark-util-types: 1.0.2
    dev: false

  /micromark-extension-gfm-task-list-item/1.0.3:
    resolution: {integrity: sha512-PpysK2S1Q/5VXi72IIapbi/jliaiOFzv7THH4amwXeYXLq3l1uo8/2Be0Ac1rEwK20MQEsGH2ltAZLNY2KI/0Q==}
    dependencies:
      micromark-factory-space: 1.0.0
      micromark-util-character: 1.1.0
      micromark-util-symbol: 1.0.1
      micromark-util-types: 1.0.2
      uvu: 0.5.6
    dev: false

  /micromark-extension-gfm/2.0.1:
    resolution: {integrity: sha512-p2sGjajLa0iYiGQdT0oelahRYtMWvLjy8J9LOCxzIQsllMCGLbsLW+Nc+N4vi02jcRJvedVJ68cjelKIO6bpDA==}
    dependencies:
      micromark-extension-gfm-autolink-literal: 1.0.3
      micromark-extension-gfm-footnote: 1.0.4
      micromark-extension-gfm-strikethrough: 1.0.4
      micromark-extension-gfm-table: 1.0.5
      micromark-extension-gfm-tagfilter: 1.0.1
      micromark-extension-gfm-task-list-item: 1.0.3
      micromark-util-combine-extensions: 1.0.0
      micromark-util-types: 1.0.2
    dev: false

  /micromark-factory-destination/1.0.0:
    resolution: {integrity: sha512-eUBA7Rs1/xtTVun9TmV3gjfPz2wEwgK5R5xcbIM5ZYAtvGF6JkyaDsj0agx8urXnO31tEO6Ug83iVH3tdedLnw==}
    dependencies:
      micromark-util-character: 1.1.0
      micromark-util-symbol: 1.0.1
      micromark-util-types: 1.0.2
    dev: false

  /micromark-factory-label/1.0.2:
    resolution: {integrity: sha512-CTIwxlOnU7dEshXDQ+dsr2n+yxpP0+fn271pu0bwDIS8uqfFcumXpj5mLn3hSC8iw2MUr6Gx8EcKng1dD7i6hg==}
    dependencies:
      micromark-util-character: 1.1.0
      micromark-util-symbol: 1.0.1
      micromark-util-types: 1.0.2
      uvu: 0.5.6
    dev: false

  /micromark-factory-space/1.0.0:
    resolution: {integrity: sha512-qUmqs4kj9a5yBnk3JMLyjtWYN6Mzfcx8uJfi5XAveBniDevmZasdGBba5b4QsvRcAkmvGo5ACmSUmyGiKTLZew==}
    dependencies:
      micromark-util-character: 1.1.0
      micromark-util-types: 1.0.2
    dev: false

  /micromark-factory-title/1.0.2:
    resolution: {integrity: sha512-zily+Nr4yFqgMGRKLpTVsNl5L4PMu485fGFDOQJQBl2NFpjGte1e86zC0da93wf97jrc4+2G2GQudFMHn3IX+A==}
    dependencies:
      micromark-factory-space: 1.0.0
      micromark-util-character: 1.1.0
      micromark-util-symbol: 1.0.1
      micromark-util-types: 1.0.2
      uvu: 0.5.6
    dev: false

  /micromark-factory-whitespace/1.0.0:
    resolution: {integrity: sha512-Qx7uEyahU1lt1RnsECBiuEbfr9INjQTGa6Err+gF3g0Tx4YEviPbqqGKNv/NrBaE7dVHdn1bVZKM/n5I/Bak7A==}
    dependencies:
      micromark-factory-space: 1.0.0
      micromark-util-character: 1.1.0
      micromark-util-symbol: 1.0.1
      micromark-util-types: 1.0.2
    dev: false

  /micromark-util-character/1.1.0:
    resolution: {integrity: sha512-agJ5B3unGNJ9rJvADMJ5ZiYjBRyDpzKAOk01Kpi1TKhlT1APx3XZk6eN7RtSz1erbWHC2L8T3xLZ81wdtGRZzg==}
    dependencies:
      micromark-util-symbol: 1.0.1
      micromark-util-types: 1.0.2
    dev: false

  /micromark-util-chunked/1.0.0:
    resolution: {integrity: sha512-5e8xTis5tEZKgesfbQMKRCyzvffRRUX+lK/y+DvsMFdabAicPkkZV6gO+FEWi9RfuKKoxxPwNL+dFF0SMImc1g==}
    dependencies:
      micromark-util-symbol: 1.0.1
    dev: false

  /micromark-util-classify-character/1.0.0:
    resolution: {integrity: sha512-F8oW2KKrQRb3vS5ud5HIqBVkCqQi224Nm55o5wYLzY/9PwHGXC01tr3d7+TqHHz6zrKQ72Okwtvm/xQm6OVNZA==}
    dependencies:
      micromark-util-character: 1.1.0
      micromark-util-symbol: 1.0.1
      micromark-util-types: 1.0.2
    dev: false

  /micromark-util-combine-extensions/1.0.0:
    resolution: {integrity: sha512-J8H058vFBdo/6+AsjHp2NF7AJ02SZtWaVUjsayNFeAiydTxUwViQPxN0Hf8dp4FmCQi0UUFovFsEyRSUmFH3MA==}
    dependencies:
      micromark-util-chunked: 1.0.0
      micromark-util-types: 1.0.2
    dev: false

  /micromark-util-decode-numeric-character-reference/1.0.0:
    resolution: {integrity: sha512-OzO9AI5VUtrTD7KSdagf4MWgHMtET17Ua1fIpXTpuhclCqD8egFWo85GxSGvxgkGS74bEahvtM0WP0HjvV0e4w==}
    dependencies:
      micromark-util-symbol: 1.0.1
    dev: false

  /micromark-util-decode-string/1.0.2:
    resolution: {integrity: sha512-DLT5Ho02qr6QWVNYbRZ3RYOSSWWFuH3tJexd3dgN1odEuPNxCngTCXJum7+ViRAd9BbdxCvMToPOD/IvVhzG6Q==}
    dependencies:
      decode-named-character-reference: 1.0.2
      micromark-util-character: 1.1.0
      micromark-util-decode-numeric-character-reference: 1.0.0
      micromark-util-symbol: 1.0.1
    dev: false

  /micromark-util-encode/1.0.1:
    resolution: {integrity: sha512-U2s5YdnAYexjKDel31SVMPbfi+eF8y1U4pfiRW/Y8EFVCy/vgxk/2wWTxzcqE71LHtCuCzlBDRU2a5CQ5j+mQA==}
    dev: false

  /micromark-util-html-tag-name/1.1.0:
    resolution: {integrity: sha512-BKlClMmYROy9UiV03SwNmckkjn8QHVaWkqoAqzivabvdGcwNGMMMH/5szAnywmsTBUzDsU57/mFi0sp4BQO6dA==}
    dev: false

  /micromark-util-normalize-identifier/1.0.0:
    resolution: {integrity: sha512-yg+zrL14bBTFrQ7n35CmByWUTFsgst5JhA4gJYoty4Dqzj4Z4Fr/DHekSS5aLfH9bdlfnSvKAWsAgJhIbogyBg==}
    dependencies:
      micromark-util-symbol: 1.0.1
    dev: false

  /micromark-util-resolve-all/1.0.0:
    resolution: {integrity: sha512-CB/AGk98u50k42kvgaMM94wzBqozSzDDaonKU7P7jwQIuH2RU0TeBqGYJz2WY1UdihhjweivStrJ2JdkdEmcfw==}
    dependencies:
      micromark-util-types: 1.0.2
    dev: false

  /micromark-util-sanitize-uri/1.0.0:
    resolution: {integrity: sha512-cCxvBKlmac4rxCGx6ejlIviRaMKZc0fWm5HdCHEeDWRSkn44l6NdYVRyU+0nT1XC72EQJMZV8IPHF+jTr56lAg==}
    dependencies:
      micromark-util-character: 1.1.0
      micromark-util-encode: 1.0.1
      micromark-util-symbol: 1.0.1
    dev: false

  /micromark-util-subtokenize/1.0.2:
    resolution: {integrity: sha512-d90uqCnXp/cy4G881Ub4psE57Sf8YD0pim9QdjCRNjfas2M1u6Lbt+XZK9gnHL2XFhnozZiEdCa9CNfXSfQ6xA==}
    dependencies:
      micromark-util-chunked: 1.0.0
      micromark-util-symbol: 1.0.1
      micromark-util-types: 1.0.2
      uvu: 0.5.6
    dev: false

  /micromark-util-symbol/1.0.1:
    resolution: {integrity: sha512-oKDEMK2u5qqAptasDAwWDXq0tG9AssVwAx3E9bBF3t/shRIGsWIRG+cGafs2p/SnDSOecnt6hZPCE2o6lHfFmQ==}
    dev: false

  /micromark-util-types/1.0.2:
    resolution: {integrity: sha512-DCfg/T8fcrhrRKTPjRrw/5LLvdGV7BHySf/1LOZx7TzWZdYRjogNtyNq885z3nNallwr3QUKARjqvHqX1/7t+w==}
    dev: false

  /micromark/3.0.10:
    resolution: {integrity: sha512-ryTDy6UUunOXy2HPjelppgJ2sNfcPz1pLlMdA6Rz9jPzhLikWXv/irpWV/I2jd68Uhmny7hHxAlAhk4+vWggpg==}
    dependencies:
      '@types/debug': 4.1.7
      debug: 4.3.4
      decode-named-character-reference: 1.0.2
      micromark-core-commonmark: 1.0.6
      micromark-factory-space: 1.0.0
      micromark-util-character: 1.1.0
      micromark-util-chunked: 1.0.0
      micromark-util-combine-extensions: 1.0.0
      micromark-util-decode-numeric-character-reference: 1.0.0
      micromark-util-encode: 1.0.1
      micromark-util-normalize-identifier: 1.0.0
      micromark-util-resolve-all: 1.0.0
      micromark-util-sanitize-uri: 1.0.0
      micromark-util-subtokenize: 1.0.2
      micromark-util-symbol: 1.0.1
      micromark-util-types: 1.0.2
      uvu: 0.5.6
    transitivePeerDependencies:
      - supports-color
    dev: false

  /minimatch/3.1.2:
    resolution: {integrity: sha512-J7p63hRiAjw1NDEww1W7i37+ByIrOWO5XQQAzZ3VOcL0PNybwpfmV/N05zFAzwQ9USyEcX6t3UO+K5aqBQOIHw==}
    dependencies:
      brace-expansion: 1.1.11
    dev: true

  /mri/1.2.0:
    resolution: {integrity: sha512-tzzskb3bG8LvYGFF/mDTpq3jpI6Q9wc3LEmBaghu+DdCssd1FakN7Bc0hVNmEyGq1bq3RgfkCb3cmQLpNPOroA==}
    engines: {node: '>=4'}
    dev: false

  /ms/2.1.2:
    resolution: {integrity: sha512-sGkPx+VjMtmA6MX27oA4FBFELFCZZ4S4XqeGOXCv68tT+jb3vk/RyaKWP0PTKyWtmLSM0b+adUTEvbs1PEaH2w==}

  /node-fetch/2.6.7:
    resolution: {integrity: sha512-ZjMPFEfVx5j+y2yF35Kzx5sF7kDzxuDj6ziH4FFbOp87zKDZNx8yExJIb05OGF4Nlt9IHFIMBkRl41VdvcNdbQ==}
    engines: {node: 4.x || >=6.0.0}
    peerDependencies:
      encoding: ^0.1.0
    peerDependenciesMeta:
      encoding:
        optional: true
    dependencies:
      whatwg-url: 5.0.0
    dev: false

  /nodemon/2.0.19:
    resolution: {integrity: sha512-4pv1f2bMDj0Eeg/MhGqxrtveeQ5/G/UVe9iO6uTZzjnRluSA4PVWf8CW99LUPwGB3eNIA7zUFoP77YuI7hOc0A==}
    engines: {node: '>=8.10.0'}
    hasBin: true
    requiresBuild: true
    dependencies:
      chokidar: 3.5.3
      debug: 3.2.7_supports-color@5.5.0
      ignore-by-default: 1.0.1
      minimatch: 3.1.2
      pstree.remy: 1.1.8
      semver: 5.7.1
      simple-update-notifier: 1.0.7
      supports-color: 5.5.0
      touch: 3.1.0
      undefsafe: 2.0.5
    dev: true

  /nopt/1.0.10:
    resolution: {integrity: sha512-NWmpvLSqUrgrAC9HCuxEvb+PSloHpqVu+FqcO4eeF2h5qYRhA7ev6KvelyQAKtegUbC6RypJnlEOhd8vloNKYg==}
    hasBin: true
    dependencies:
      abbrev: 1.1.1
    dev: true

  /normalize-path/3.0.0:
    resolution: {integrity: sha512-6eZs5Ls3WtCisHWp9S2GUy8dqkpGi4BVSz3GaqiE6ezub0512ESztXUwUB6C6IKbQkY2Pnb/mD4WYojCRwcwLA==}
    engines: {node: '>=0.10.0'}
    dev: true

  /once/1.4.0:
    resolution: {integrity: sha512-lNaJgI+2Q5URQBkccEKHTQOPaXdUxnZZElQTZY0MFUAuaEqe1E+Nyvgdz/aIyNi6Z9MzO5dv1H8n58/GELp3+w==}
    dependencies:
      wrappy: 1.0.2
    dev: false

  /picomatch/2.3.1:
    resolution: {integrity: sha512-JU3teHTNjmE2VCGFzuY8EXzCDVwEqB2a8fsIvwaStHhAWJEeVd1o1QD80CU6+ZdEXXSLbSsuLwJjkCBWqRQUVA==}
    engines: {node: '>=8.6'}
    dev: true

  /pstree.remy/1.1.8:
    resolution: {integrity: sha512-77DZwxQmxKnu3aR542U+X8FypNzbfJ+C5XQDk3uWjWxn6151aIMGthWYRXTqT1E5oJvg+ljaa2OJi+VfvCOQ8w==}
    dev: true

  /readdirp/3.6.0:
    resolution: {integrity: sha512-hOS089on8RduqdbhvQ5Z37A0ESjsqz6qnRcffsMU3495FuTdqSm+7bhJ29JvIOsBDEEnan5DPu9t3To9VRlMzA==}
    engines: {node: '>=8.10.0'}
    dependencies:
      picomatch: 2.3.1
    dev: true

  /remark-gfm/3.0.1:
    resolution: {integrity: sha512-lEFDoi2PICJyNrACFOfDD3JlLkuSbOa5Wd8EPt06HUdptv8Gn0bxYTdbU/XXQ3swAPkEaGxxPN9cbnMHvVu1Ig==}
    dependencies:
      '@types/mdast': 3.0.10
      mdast-util-gfm: 2.0.1
      micromark-extension-gfm: 2.0.1
      unified: 10.1.2
    transitivePeerDependencies:
      - supports-color
    dev: false

  /remark-parse/10.0.1:
    resolution: {integrity: sha512-1fUyHr2jLsVOkhbvPRBJ5zTKZZyD6yZzYaWCS6BPBdQ8vEMBCH+9zNCDA6tET/zHCi/jLqjCWtlJZUPk+DbnFw==}
    dependencies:
      '@types/mdast': 3.0.10
      mdast-util-from-markdown: 1.2.0
      unified: 10.1.2
    transitivePeerDependencies:
      - supports-color
    dev: false

  /remark-stringify/10.0.2:
    resolution: {integrity: sha512-6wV3pvbPvHkbNnWB0wdDvVFHOe1hBRAx1Q/5g/EpH4RppAII6J8Gnwe7VbHuXaoKIF6LAg6ExTel/+kNqSQ7lw==}
    dependencies:
      '@types/mdast': 3.0.10
      mdast-util-to-markdown: 1.3.0
      unified: 10.1.2
    dev: false

  /sade/1.8.1:
    resolution: {integrity: sha512-xal3CZX1Xlo/k4ApwCFrHVACi9fBqJ7V+mwhBsuf/1IOKbBy098Fex+Wa/5QMubw09pSZ/u8EY8PWgevJsXp1A==}
    engines: {node: '>=6'}
    dependencies:
      mri: 1.2.0
    dev: false

  /semver/5.7.1:
    resolution: {integrity: sha512-sauaDf/PZdVgrLTNYHRtpXa1iRiKcaebiKQ1BJdpQlWH2lCvexQdX55snPFyK7QzpudqbCI0qXFfOasHdyNDGQ==}
    hasBin: true
    dev: true

  /semver/7.0.0:
    resolution: {integrity: sha512-+GB6zVA9LWh6zovYQLALHwv5rb2PHGlJi3lfiqIHxR0uuwCgefcOJc59v9fv1w8GbStwxuuqqAjI9NMAOOgq1A==}
    hasBin: true
    dev: true

  /simple-update-notifier/1.0.7:
    resolution: {integrity: sha512-BBKgR84BJQJm6WjWFMHgLVuo61FBDSj1z/xSFUIozqO6wO7ii0JxCqlIud7Enr/+LhlbNI0whErq96P2qHNWew==}
    engines: {node: '>=8.10.0'}
    dependencies:
      semver: 7.0.0
    dev: true

  /strip-final-newline/3.0.0:
    resolution: {integrity: sha512-dOESqjYr96iWYylGObzd39EuNTa5VJxyvVAEm5Jnh7KGo75V43Hk1odPQkNDyXNmUR6k+gEiDVXnjB8HJ3crXw==}
    engines: {node: '>=12'}
    dev: false

  /supports-color/5.5.0:
    resolution: {integrity: sha512-QjVjwdXIt408MIiAqCX4oUKsgU2EqAGzs2Ppkm4aQYbjm+ZEWEcW4SfFNTr4uMNZma0ey4f5lgLrkB0aX0QMow==}
    engines: {node: '>=4'}
    dependencies:
      has-flag: 3.0.0
    dev: true

  /to-regex-range/5.0.1:
    resolution: {integrity: sha512-65P7iz6X5yEr1cwcgvQxbbIw7Uk3gOy5dIdtZ4rDveLqhrdJP+Li/Hx6tyK0NEb+2GCyneCMJiGqrADCSNk8sQ==}
    engines: {node: '>=8.0'}
    dependencies:
      is-number: 7.0.0
    dev: true

  /touch/3.1.0:
    resolution: {integrity: sha512-WBx8Uy5TLtOSRtIq+M03/sKDrXCLHxwDcquSP2c43Le03/9serjQBIztjRz6FkJez9D/hleyAXTBGLwwZUw9lA==}
    hasBin: true
    dependencies:
      nopt: 1.0.10
    dev: true

  /tr46/0.0.3:
    resolution: {integrity: sha512-N3WMsuqV66lT30CrXNbEjx4GEwlow3v6rr4mCcv6prnfwhS01rkgyFdjPNBYd9br7LpXV1+Emh01fHnq2Gdgrw==}
    dev: false

  /trough/2.1.0:
    resolution: {integrity: sha512-AqTiAOLcj85xS7vQ8QkAV41hPDIJ71XJB4RCUrzo/1GM2CQwhkJGaf9Hgr7BOugMRpgGUrqRg/DrBDl4H40+8g==}
    dev: false

  /tunnel/0.0.6:
    resolution: {integrity: sha512-1h/Lnq9yajKY2PEbBadPXj3VxsDDu844OnaAo52UVmIzIvwwtBPIuNvkjuzBlTWpfJyUbG3ez0KSBibQkj4ojg==}
    engines: {node: '>=0.6.11 <=0.7.0 || >=0.7.3'}
    dev: false

  /undefsafe/2.0.5:
    resolution: {integrity: sha512-WxONCrssBM8TSPRqN5EmsjVrsv4A8X12J4ArBiiayv3DyyG3ZlIg6yysuuSYdZsVz3TKcTg2fd//Ujd4CHV1iA==}
    dev: true

  /unified/10.1.2:
    resolution: {integrity: sha512-pUSWAi/RAnVy1Pif2kAoeWNBa3JVrx0MId2LASj8G+7AiHWoKZNTomq6LG326T68U7/e263X6fTdcXIy7XnF7Q==}
    dependencies:
      '@types/unist': 2.0.6
      bail: 2.0.2
      extend: 3.0.2
      is-buffer: 2.0.5
      is-plain-obj: 4.1.0
      trough: 2.1.0
      vfile: 5.3.4
    dev: false

  /unist-util-is/5.1.1:
    resolution: {integrity: sha512-F5CZ68eYzuSvJjGhCLPL3cYx45IxkqXSetCcRgUXtbcm50X2L9oOWQlfUfDdAf+6Pd27YDblBfdtmsThXmwpbQ==}
    dev: false

  /unist-util-stringify-position/3.0.2:
    resolution: {integrity: sha512-7A6eiDCs9UtjcwZOcCpM4aPII3bAAGv13E96IkawkOAW0OhH+yRxtY0lzo8KiHpzEMfH7Q+FizUmwp8Iqy5EWg==}
    dependencies:
      '@types/unist': 2.0.6
    dev: false

  /unist-util-visit-parents/5.1.0:
    resolution: {integrity: sha512-y+QVLcY5eR/YVpqDsLf/xh9R3Q2Y4HxkZTp7ViLDU6WtJCEcPmRzW1gpdWDCDIqIlhuPDXOgttqPlykrHYDekg==}
    dependencies:
      '@types/unist': 2.0.6
      unist-util-is: 5.1.1
    dev: false

  /unist-util-visit/4.1.0:
    resolution: {integrity: sha512-n7lyhFKJfVZ9MnKtqbsqkQEk5P1KShj0+//V7mAcoI6bpbUjh3C/OG8HVD+pBihfh6Ovl01m8dkcv9HNqYajmQ==}
    dependencies:
      '@types/unist': 2.0.6
      unist-util-is: 5.1.1
      unist-util-visit-parents: 5.1.0
    dev: false

  /universal-user-agent/6.0.0:
    resolution: {integrity: sha512-isyNax3wXoKaulPDZWHQqbmIx1k2tb9fb3GGDBRxCscfYV2Ch7WxPArBsFEG8s/safwXTT7H4QGhaIkTp9447w==}
    dev: false

  /uuid/8.3.2:
    resolution: {integrity: sha512-+NYs2QeMWy+GWFOEm9xnn6HCDp0l7QBD7ml8zLUmJ+93Q5NF0NocErnwkTkXVFNiX3/fpC6afS8Dhb/gz7R7eg==}
    hasBin: true
    dev: false

  /uvu/0.5.6:
    resolution: {integrity: sha512-+g8ENReyr8YsOc6fv/NVJs2vFdHBnBNdfE49rshrTzDWOlUx4Gq7KOS2GD8eqhy2j+Ejq29+SbKH8yjkAqXqoA==}
    engines: {node: '>=8'}
    hasBin: true
    dependencies:
      dequal: 2.0.3
      diff: 5.1.0
      kleur: 4.1.5
      sade: 1.8.1
    dev: false

  /vfile-message/3.1.2:
    resolution: {integrity: sha512-QjSNP6Yxzyycd4SVOtmKKyTsSvClqBPJcd00Z0zuPj3hOIjg0rUPG6DbFGPvUKRgYyaIWLPKpuEclcuvb3H8qA==}
    dependencies:
      '@types/unist': 2.0.6
      unist-util-stringify-position: 3.0.2
    dev: false

  /vfile/5.3.4:
    resolution: {integrity: sha512-KI+7cnst03KbEyN1+JE504zF5bJBZa+J+CrevLeyIMq0aPU681I2rQ5p4PlnQ6exFtWiUrg26QUdFMnAKR6PIw==}
    dependencies:
      '@types/unist': 2.0.6
      is-buffer: 2.0.5
      unist-util-stringify-position: 3.0.2
      vfile-message: 3.1.2
    dev: false

  /webidl-conversions/3.0.1:
    resolution: {integrity: sha512-2JAn3z8AR6rjK8Sm8orRC0h/bcl/DqL7tRPdGZ4I1CjdF+EaMLmYxBHyXuKL849eucPFhvBoxMsflfOb8kxaeQ==}
    dev: false

  /whatwg-url/5.0.0:
    resolution: {integrity: sha512-saE57nupxk6v3HY35+jzBwYa0rKSy0XR8JSxZPwgLr7ys0IBzhGviA1/TUGJLmSVqs8pb9AnvICXEuOHLprYTw==}
    dependencies:
      tr46: 0.0.3
      webidl-conversions: 3.0.1
    dev: false

  /wrappy/1.0.2:
    resolution: {integrity: sha512-l4Sp/DRseor9wL6EvV2+TuQn63dMkPjZ/sp9XkghTEbV9KlPS1xUsZ3u7/IQO4wxtcFB4bgpQPRcR3QCvezPcQ==}
    dev: false

  /zwitch/2.0.2:
    resolution: {integrity: sha512-JZxotl7SxAJH0j7dN4pxsTV6ZLXoLdGME+PsjkL/DaBrVryK9kTGq06GfKrwcSOqypP+fdXGoCHE36b99fWVoA==}
    dev: false
